
Microsoft Visual Studio Solution File, Format Version 12.00
# Visual Studio Version 17
VisualStudioVersion = 17.6.33801.468
MinimumVisualStudioVersion = 10.0.40219.1
Project("{8BC9CEB8-8B4A-11D0-8D11-00A0C91BC942}") = "Shape", "Shape\Shape.vcxproj", "{F720BF9A-615C-473F-B6C2-D133009D19E1}"
EndProject
Global
	GlobalSection(SolutionConfigurationPlatforms) = preSolution
		Debug|x64 = Debug|x64
		Debug|x86 = Debug|x86
		Release|x64 = Release|x64
		Release|x86 = Release|x86
	EndGlobalSection
	GlobalSection(ProjectConfigurationPlatforms) = postSolution
		{F720BF9A-615C-473F-B6C2-D133009D19E1}.Debug|x64.ActiveCfg = Debug|x64
		{F720BF9A-615C-473F-B6C2-D133009D19E1}.Debug|x64.Build.0 = Debug|x64
		{F720BF9A-615C-473F-B6C2-D133009D19E1}.Debug|x86.ActiveCfg = Debug|Win32
		{F720BF9A-615C-473F-B6C2-D133009D19E1}.Debug|x86.Build.0 = Debug|Win32
		{F720BF9A-615C-473F-B6C2-D133009D19E1}.Release|x64.ActiveCfg = Release|x64
		{F720BF9A-615C-473F-B6C2-D133009D19E1}.Release|x64.Build.0 = Release|x64
		{F720BF9A-615C-473F-B6C2-D133009D19E1}.Release|x86.ActiveCfg = Release|Win32
		{F720BF9A-615C-473F-B6C2-D133009D19E1}.Release|x86.Build.0 = Release|Win32
	EndGlobalSection
	GlobalSection(SolutionProperties) = preSolution
		HideSolutionNode = FALSE
	EndGlobalSection
	GlobalSection(ExtensibilityGlobals) = postSolution
		SolutionGuid = {49850193-36F7-4403-953E-F40EFA6DD8A0}
	EndGlobalSection
EndGlobal
